
Microsoft Visual Studio Solution File, Format Version 12.00
# Visual Studio 15
VisualStudioVersion = 15.0.26430.12
MinimumVisualStudioVersion = 10.0.40219.1
Project("{8BC9CEB8-8B4A-11D0-8D11-00A0C91BC942}") = "calculusprime", "calculusprime.vcxproj", "{3FDFD58E-65FE-4F02-9E9D-78E4AA73243D}"
EndProject
Project("{8BC9CEB8-8B4A-11D0-8D11-00A0C91BC942}") = "test_calculusprime", "test\test_calculusprime.vcxproj", "{684D3E21-993C-47D0-841B-7DCF2131C98B}"
	ProjectSection(ProjectDependencies) = postProject
		{3FDFD58E-65FE-4F02-9E9D-78E4AA73243D} = {3FDFD58E-65FE-4F02-9E9D-78E4AA73243D}
	EndProjectSection
EndProject
Global
	GlobalSection(SolutionConfigurationPlatforms) = preSolution
		Debug|x64 = Debug|x64
		Debug|x86 = Debug|x86
		Release|x64 = Release|x64
		Release|x86 = Release|x86
	EndGlobalSection
	GlobalSection(ProjectConfigurationPlatforms) = postSolution
		{3FDFD58E-65FE-4F02-9E9D-78E4AA73243D}.Debug|x64.ActiveCfg = Debug|x64
		{3FDFD58E-65FE-4F02-9E9D-78E4AA73243D}.Debug|x64.Build.0 = Debug|x64
		{3FDFD58E-65FE-4F02-9E9D-78E4AA73243D}.Debug|x86.ActiveCfg = Debug|Win32
		{3FDFD58E-65FE-4F02-9E9D-78E4AA73243D}.Debug|x86.Build.0 = Debug|Win32
		{3FDFD58E-65FE-4F02-9E9D-78E4AA73243D}.Release|x64.ActiveCfg = Release|x64
		{3FDFD58E-65FE-4F02-9E9D-78E4AA73243D}.Release|x64.Build.0 = Release|x64
		{3FDFD58E-65FE-4F02-9E9D-78E4AA73243D}.Release|x86.ActiveCfg = Release|Win32
		{3FDFD58E-65FE-4F02-9E9D-78E4AA73243D}.Release|x86.Build.0 = Release|Win32
		{684D3E21-993C-47D0-841B-7DCF2131C98B}.Debug|x64.ActiveCfg = Debug|x64
		{684D3E21-993C-47D0-841B-7DCF2131C98B}.Debug|x64.Build.0 = Debug|x64
		{684D3E21-993C-47D0-841B-7DCF2131C98B}.Debug|x86.ActiveCfg = Debug|Win32
		{684D3E21-993C-47D0-841B-7DCF2131C98B}.Debug|x86.Build.0 = Debug|Win32
		{684D3E21-993C-47D0-841B-7DCF2131C98B}.Release|x64.ActiveCfg = Release|x64
		{684D3E21-993C-47D0-841B-7DCF2131C98B}.Release|x64.Build.0 = Release|x64
		{684D3E21-993C-47D0-841B-7DCF2131C98B}.Release|x86.ActiveCfg = Release|Win32
		{684D3E21-993C-47D0-841B-7DCF2131C98B}.Release|x86.Build.0 = Release|Win32
	EndGlobalSection
	GlobalSection(SolutionProperties) = preSolution
		HideSolutionNode = FALSE
	EndGlobalSection
EndGlobal
